{
  "requires": true,
  "lockfileVersion": 1,
  "dependencies": {
    "nan": {
      "version": "2.15.0",
      "resolved": "https://registry.npmjs.org/nan/-/nan-2.15.0.tgz",
      "integrity": "sha512-8ZtvEnA2c5aYCZYd1cvgdnU6cqwixRoYg70xPLWUws5ORTa/lnw+u4amixRS/Ac5U5mQVgp9pnlSUnbNWFaWZQ=="
    },
    "tree-sitter-mit-scheme": {
      "version": "0.0.1",
      "resolved": "https://registry.npmjs.org/tree-sitter-mit-scheme/-/tree-sitter-mit-scheme-0.0.1.tgz",
      "integrity": "sha512-tze83zbc/ohCw211BVdEBrn5KNTOaxofBNVuoYAtrIxlKbnMEzJbUPXq8Um9kJ0f6GHTQJCG2isnIfUUdEN+5Q==",
      "requires": {
        "nan": "^2.14.0"
      }
    }
  }
}
